{
  "name": "design-os",
  "version": "0.0.0",
  "lockfileVersion": 3,
  "requires": true,
  "packages": {
    "": {
      "name": "design-os",
      "version": "0.0.0",
      "license": "MIT",
      "dependencies": {
        "element-source": "^0.0.5"
      },
      "bin": {
        "design-os": "bin/design-os.js",
        "design-os-mcp": "bin/design-os-mcp.js"
      },
      "engines": {
        "node": ">=22.13"
      },
      "optionalDependencies": {
        "element-source": "^0.0.5"
      }
    },
    "node_modules/bippy": {
      "version": "0.5.43",
      "resolved": "https://registry.npmjs.org/bippy/-/bippy-0.5.43.tgz",
      "integrity": "sha512-Tvu7b1M7+d8b9/YHaCeODEsi2CgbuoBql+dWSBrNnCuqJ1gMUeY3i0r+319hvjjl5GVBP6FFWxrKnq3fhZER0w==",
      "license": "MIT",
      "optional": true,
      "peerDependencies": {
        "react": ">=17.0.1"
      }
    },
    "node_modules/element-source": {
      "version": "0.0.5",
      "resolved": "https://registry.npmjs.org/element-source/-/element-source-0.0.5.tgz",
      "integrity": "sha512-04NFHxgZ3SLgvMmcPIMsx8bvbIvZZ2F2xNtxiBByACNXFiTJWU8ujz5M1PIVbBuKyKLwmXbPJsu2V2qRNhdXGQ==",
      "optional": true,
      "dependencies": {
        "bippy": "^0.5.32"
      }
    }
  }
}
